<?xml version="1.0" encoding="utf-8"?>
<Project ToolsVersion="4.0" xmlns="http://schemas.microsoft.com/developer/msbuild/2003">
  <ItemGroup>
    <ClCompile Include="Src\Application\MovableObject\MovableObject.cpp" />
    <ClCompile Include="Src\Application\UI\Game\GameUI.cpp" />
    <ClCompile Include="Src\Application\Transition\Fade\Fade.cpp" />
    <ClCompile Include="Src\Application\CameraShake\CameraShake.cpp" />
    <ClCompile Include="EdgeDetection.cpp" />
    <ClCompile Include="Src\Application\Event\RewardGauge.cpp" />
    <ClCompile Include="Src\Application\PointLightObject\PointLightObjectManager.cpp" />
    <ClCompile Include="Src\Application\ShadowObject\ShadowObjectManager.cpp" />
    <ClCompile Include="Src\Application\PointLightObject\PointLightObject.cpp" />
    <ClCompile Include="Src\Application\ShadowObject\ShadowObject.cpp" />
    <ClCompile Include="Src\Application\EnemySpawnManager\EnemySpawnManager.cpp" />
    <ClCompile Include="Src\Application\Enemy\Enemy.cpp" />
    <ClCompile Include="Src\Application\MovableObject\MovableObjectManager.cpp" />
    <ClCompile Include="Src\Application\Field\Field.cpp" />
    <ClCompile Include="main.cpp" />
    <ClCompile Include="Src\Application\UI\Game\Wave\WaveUI.cpp" />
    <ClCompile Include="Src\Essential\SampleFramework.cpp" />
    <ClCompile Include="Src\Essential\SampleScene.cpp" />
    <ClCompile Include="Src\Essential\SceneFactory.cpp" />
    <ClCompile Include="Src\Scene\GameScene.cpp" />
    <ClCompile Include="Src\Application\Tower\Tower.cpp" />
    <ClCompile Include="Src\Scene\TitleScene.cpp" />
    <ClCompile Include="Src\Application\UI\Title\TitleUI.cpp" />
    <ClCompile Include="Src\Application\Player\PlayerHand.cpp" />
  </ItemGroup>
  <ItemGroup>
    <ClInclude Include="Src\Application\MovableObject\MovableObject.h" />
    <ClInclude Include="Src\Application\UI\Game\GameUI.h" />
    <ClInclude Include="Src\Application\Transition\Fade\Fade.h" />
    <ClInclude Include="Src\Application\CameraShake\CameraShake.h" />
    <ClInclude Include="EdgeDetection.h" />
    <ClInclude Include="Src\Application\Event\RewardEventData.h" />
    <ClInclude Include="Src\Application\Event\RewardGauge.h" />
    <ClInclude Include="Src\Application\PointLightObject\PointLightObjectManager.h" />
    <ClInclude Include="Src\Application\ShadowObject\ShadowObjectManager.h" />
    <ClInclude Include="Src\Application\PointLightObject\PointLightObject.h" />
    <ClInclude Include="Src\Application\ShadowObject\ShadowObject.h" />
    <ClInclude Include="Src\Application\EnemySpawnManager\EnemySpawnManager.h" />
    <ClInclude Include="Src\Application\Enemy\Enemy.h" />
    <ClInclude Include="Src\Application\MovableObject\MovableObjectManager.h" />
    <ClInclude Include="Src\Application\Field\Field.h" />
    <ClInclude Include="Src\Application\UI\Game\Wave\WaveChangeData.h" />
    <ClInclude Include="Src\Application\UI\Game\Wave\WaveUI.h" />
    <ClInclude Include="Src\Essential\SampleFramework.h" />
    <ClInclude Include="Src\Essential\SampleScene.h" />
    <ClInclude Include="Src\Essential\SceneFactory.h" />
    <ClInclude Include="Src\Scene\GameScene.h" />
    <ClInclude Include="Src\Application\Tower\Tower.h" />
    <ClInclude Include="Src\Scene\TitleScene.h" />
    <ClInclude Include="Src\Application\UI\Title\TitleUI.h" />
    <ClInclude Include="Src\Application\Player\PlayerHand.h" />
  </ItemGroup>
  <ItemGroup>
    <None Include=".editorconfig" />
  </ItemGroup>
</Project>